
Microsoft Visual Studio Solution File, Format Version 12.00
# Visual Studio Version 17
VisualStudioVersion = 17.1.32407.343
MinimumVisualStudioVersion = 10.0.40219.1
Project("{9A19103F-16F7-4668-BE54-9A1E7A4F7556}") = "NetEduHomeTask", "NetEduHomeTask\NetEduHomeTask.csproj", "{CEEDAB6B-1F7F-4D6D-BFC3-62E0B87AD91E}"
EndProject
Project("{9A19103F-16F7-4668-BE54-9A1E7A4F7556}") = "DAL", "DAL\DAL.csproj", "{FFF5EF53-7A4C-48CB-AC94-DA1876069641}"
EndProject
Project("{9A19103F-16F7-4668-BE54-9A1E7A4F7556}") = "Business", "Business\Business.csproj", "{724D5056-1D08-4CC7-A26C-E5C14BE94C8F}"
EndProject
Project("{9A19103F-16F7-4668-BE54-9A1E7A4F7556}") = "Exceptions", "Exceptions\Exceptions.csproj", "{2683013C-ABE3-47D9-904B-17A99AB0F0D0}"
EndProject
Project("{FAE04EC0-301F-11D3-BF4B-00C04F79EFBC}") = "Utilities", "Utilities\Utilities.csproj", "{50CB1EBA-56A8-4F69-8E8E-37122517E8B2}"
EndProject
Global
	GlobalSection(SolutionConfigurationPlatforms) = preSolution
		Debug|Any CPU = Debug|Any CPU
		Release|Any CPU = Release|Any CPU
	EndGlobalSection
	GlobalSection(ProjectConfigurationPlatforms) = postSolution
		{CEEDAB6B-1F7F-4D6D-BFC3-62E0B87AD91E}.Debug|Any CPU.ActiveCfg = Debug|Any CPU
		{CEEDAB6B-1F7F-4D6D-BFC3-62E0B87AD91E}.Debug|Any CPU.Build.0 = Debug|Any CPU
		{CEEDAB6B-1F7F-4D6D-BFC3-62E0B87AD91E}.Release|Any CPU.ActiveCfg = Release|Any CPU
		{CEEDAB6B-1F7F-4D6D-BFC3-62E0B87AD91E}.Release|Any CPU.Build.0 = Release|Any CPU
		{FFF5EF53-7A4C-48CB-AC94-DA1876069641}.Debug|Any CPU.ActiveCfg = Debug|Any CPU
		{FFF5EF53-7A4C-48CB-AC94-DA1876069641}.Debug|Any CPU.Build.0 = Debug|Any CPU
		{FFF5EF53-7A4C-48CB-AC94-DA1876069641}.Release|Any CPU.ActiveCfg = Release|Any CPU
		{FFF5EF53-7A4C-48CB-AC94-DA1876069641}.Release|Any CPU.Build.0 = Release|Any CPU
		{724D5056-1D08-4CC7-A26C-E5C14BE94C8F}.Debug|Any CPU.ActiveCfg = Debug|Any CPU
		{724D5056-1D08-4CC7-A26C-E5C14BE94C8F}.Debug|Any CPU.Build.0 = Debug|Any CPU
		{724D5056-1D08-4CC7-A26C-E5C14BE94C8F}.Release|Any CPU.ActiveCfg = Release|Any CPU
		{724D5056-1D08-4CC7-A26C-E5C14BE94C8F}.Release|Any CPU.Build.0 = Release|Any CPU
		{2683013C-ABE3-47D9-904B-17A99AB0F0D0}.Debug|Any CPU.ActiveCfg = Debug|Any CPU
		{2683013C-ABE3-47D9-904B-17A99AB0F0D0}.Debug|Any CPU.Build.0 = Debug|Any CPU
		{2683013C-ABE3-47D9-904B-17A99AB0F0D0}.Release|Any CPU.ActiveCfg = Release|Any CPU
		{2683013C-ABE3-47D9-904B-17A99AB0F0D0}.Release|Any CPU.Build.0 = Release|Any CPU
		{50CB1EBA-56A8-4F69-8E8E-37122517E8B2}.Debug|Any CPU.ActiveCfg = Debug|Any CPU
		{50CB1EBA-56A8-4F69-8E8E-37122517E8B2}.Debug|Any CPU.Build.0 = Debug|Any CPU
		{50CB1EBA-56A8-4F69-8E8E-37122517E8B2}.Release|Any CPU.ActiveCfg = Release|Any CPU
		{50CB1EBA-56A8-4F69-8E8E-37122517E8B2}.Release|Any CPU.Build.0 = Release|Any CPU
	EndGlobalSection
	GlobalSection(SolutionProperties) = preSolution
		HideSolutionNode = FALSE
	EndGlobalSection
	GlobalSection(ExtensibilityGlobals) = postSolution
		SolutionGuid = {BA98CC0B-073A-46F4-94D8-AD60BEEE3A63}
	EndGlobalSection
EndGlobal
